Microsoft Visual Studio Solution File, Format Version 12.00
# Visual Studio 14
Project("{8BC9CEB8-8B4A-11D0-8D11-00A0C91BC942}") = "ALL_BUILD", "ALL_BUILD.vcxproj", "{F21ECF81-4FED-3877-A23C-2133A777328F}"
	ProjectSection(ProjectDependencies) = postProject
		{9535FA50-2209-381D-87B7-EFCBBAAB3328} = {9535FA50-2209-381D-87B7-EFCBBAAB3328}
		{5FC95EC9-CB65-3CE5-8F2E-587DB401640F} = {5FC95EC9-CB65-3CE5-8F2E-587DB401640F}
		{A5BDBD81-09B3-325F-8C46-DB73A22634F8} = {A5BDBD81-09B3-325F-8C46-DB73A22634F8}
		{960D0F96-105B-3FF5-AF62-489D59622E04} = {960D0F96-105B-3FF5-AF62-489D59622E04}
		{D9245B5D-BD25-3100-B6C7-4E32754B6481} = {D9245B5D-BD25-3100-B6C7-4E32754B6481}
		{A6F97FDF-0B37-396A-A92B-C2E8A9E69883} = {A6F97FDF-0B37-396A-A92B-C2E8A9E69883}
		{A7B8D373-765F-3D82-94D5-E69B9B52AEB4} = {A7B8D373-765F-3D82-94D5-E69B9B52AEB4}
	EndProjectSection
EndProject
Project("{8BC9CEB8-8B4A-11D0-8D11-00A0C91BC942}") = "Continuous", "test\Continuous.vcxproj", "{D95D11F3-21B3-3AB0-986F-AF27C3DD0A68}"
	ProjectSection(ProjectDependencies) = postProject
		{5FC95EC9-CB65-3CE5-8F2E-587DB401640F} = {5FC95EC9-CB65-3CE5-8F2E-587DB401640F}
	EndProjectSection
EndProject
Project("{8BC9CEB8-8B4A-11D0-8D11-00A0C91BC942}") = "Experimental", "test\Experimental.vcxproj", "{A8C6FDAC-D882-3C62-AD68-05E59ED8009F}"
	ProjectSection(ProjectDependencies) = postProject
		{5FC95EC9-CB65-3CE5-8F2E-587DB401640F} = {5FC95EC9-CB65-3CE5-8F2E-587DB401640F}
	EndProjectSection
EndProject
Project("{8BC9CEB8-8B4A-11D0-8D11-00A0C91BC942}") = "INSTALL", "INSTALL.vcxproj", "{0A2B3CB4-F864-3F37-86B5-1E256B0BF8D0}"
	ProjectSection(ProjectDependencies) = postProject
		{F21ECF81-4FED-3877-A23C-2133A777328F} = {F21ECF81-4FED-3877-A23C-2133A777328F}
		{5FC95EC9-CB65-3CE5-8F2E-587DB401640F} = {5FC95EC9-CB65-3CE5-8F2E-587DB401640F}
	EndProjectSection
EndProject
Project("{8BC9CEB8-8B4A-11D0-8D11-00A0C91BC942}") = "IrrXML", "contrib\irrXML\IrrXML.vcxproj", "{9535FA50-2209-381D-87B7-EFCBBAAB3328}"
	ProjectSection(ProjectDependencies) = postProject
		{5FC95EC9-CB65-3CE5-8F2E-587DB401640F} = {5FC95EC9-CB65-3CE5-8F2E-587DB401640F}
	EndProjectSection
EndProject
Project("{8BC9CEB8-8B4A-11D0-8D11-00A0C91BC942}") = "Nightly", "test\Nightly.vcxproj", "{65A3D1C6-E6DE-36C4-BEFE-B73C9F9A2853}"
	ProjectSection(ProjectDependencies) = postProject
		{5FC95EC9-CB65-3CE5-8F2E-587DB401640F} = {5FC95EC9-CB65-3CE5-8F2E-587DB401640F}
	EndProjectSection
EndProject
Project("{8BC9CEB8-8B4A-11D0-8D11-00A0C91BC942}") = "NightlyMemoryCheck", "test\NightlyMemoryCheck.vcxproj", "{6ED4B999-6670-3AC7-BCF5-F68D87D21950}"
	ProjectSection(ProjectDependencies) = postProject
		{5FC95EC9-CB65-3CE5-8F2E-587DB401640F} = {5FC95EC9-CB65-3CE5-8F2E-587DB401640F}
	EndProjectSection
EndProject
Project("{8BC9CEB8-8B4A-11D0-8D11-00A0C91BC942}") = "UpdateAssimpLibsDebugSymbolsAndDLLs", "UpdateAssimpLibsDebugSymbolsAndDLLs.vcxproj", "{0A17284D-1142-3902-86E3-7CFFC41C809A}"
	ProjectSection(ProjectDependencies) = postProject
		{5FC95EC9-CB65-3CE5-8F2E-587DB401640F} = {5FC95EC9-CB65-3CE5-8F2E-587DB401640F}
	EndProjectSection
EndProject
Project("{8BC9CEB8-8B4A-11D0-8D11-00A0C91BC942}") = "ZERO_CHECK", "ZERO_CHECK.vcxproj", "{5FC95EC9-CB65-3CE5-8F2E-587DB401640F}"
	ProjectSection(ProjectDependencies) = postProject
	EndProjectSection
EndProject
Project("{8BC9CEB8-8B4A-11D0-8D11-00A0C91BC942}") = "assimp", "code\assimp.vcxproj", "{A5BDBD81-09B3-325F-8C46-DB73A22634F8}"
	ProjectSection(ProjectDependencies) = postProject
		{9535FA50-2209-381D-87B7-EFCBBAAB3328} = {9535FA50-2209-381D-87B7-EFCBBAAB3328}
		{5FC95EC9-CB65-3CE5-8F2E-587DB401640F} = {5FC95EC9-CB65-3CE5-8F2E-587DB401640F}
		{A7B8D373-765F-3D82-94D5-E69B9B52AEB4} = {A7B8D373-765F-3D82-94D5-E69B9B52AEB4}
	EndProjectSection
EndProject
Project("{8BC9CEB8-8B4A-11D0-8D11-00A0C91BC942}") = "assimp_cmd", "tools\assimp_cmd\assimp_cmd.vcxproj", "{960D0F96-105B-3FF5-AF62-489D59622E04}"
	ProjectSection(ProjectDependencies) = postProject
		{9535FA50-2209-381D-87B7-EFCBBAAB3328} = {9535FA50-2209-381D-87B7-EFCBBAAB3328}
		{5FC95EC9-CB65-3CE5-8F2E-587DB401640F} = {5FC95EC9-CB65-3CE5-8F2E-587DB401640F}
		{A5BDBD81-09B3-325F-8C46-DB73A22634F8} = {A5BDBD81-09B3-325F-8C46-DB73A22634F8}
		{A7B8D373-765F-3D82-94D5-E69B9B52AEB4} = {A7B8D373-765F-3D82-94D5-E69B9B52AEB4}
	EndProjectSection
EndProject
Project("{8BC9CEB8-8B4A-11D0-8D11-00A0C91BC942}") = "assimp_viewer", "tools\assimp_view\assimp_viewer.vcxproj", "{D9245B5D-BD25-3100-B6C7-4E32754B6481}"
	ProjectSection(ProjectDependencies) = postProject
		{9535FA50-2209-381D-87B7-EFCBBAAB3328} = {9535FA50-2209-381D-87B7-EFCBBAAB3328}
		{5FC95EC9-CB65-3CE5-8F2E-587DB401640F} = {5FC95EC9-CB65-3CE5-8F2E-587DB401640F}
		{A5BDBD81-09B3-325F-8C46-DB73A22634F8} = {A5BDBD81-09B3-325F-8C46-DB73A22634F8}
		{A7B8D373-765F-3D82-94D5-E69B9B52AEB4} = {A7B8D373-765F-3D82-94D5-E69B9B52AEB4}
	EndProjectSection
EndProject
Project("{8BC9CEB8-8B4A-11D0-8D11-00A0C91BC942}") = "uninstall", "uninstall.vcxproj", "{60D44097-9A80-375A-934B-2B1FD025CBF8}"
	ProjectSection(ProjectDependencies) = postProject
		{5FC95EC9-CB65-3CE5-8F2E-587DB401640F} = {5FC95EC9-CB65-3CE5-8F2E-587DB401640F}
	EndProjectSection
EndProject
Project("{8BC9CEB8-8B4A-11D0-8D11-00A0C91BC942}") = "unit", "test\unit.vcxproj", "{A6F97FDF-0B37-396A-A92B-C2E8A9E69883}"
	ProjectSection(ProjectDependencies) = postProject
		{9535FA50-2209-381D-87B7-EFCBBAAB3328} = {9535FA50-2209-381D-87B7-EFCBBAAB3328}
		{5FC95EC9-CB65-3CE5-8F2E-587DB401640F} = {5FC95EC9-CB65-3CE5-8F2E-587DB401640F}
		{A5BDBD81-09B3-325F-8C46-DB73A22634F8} = {A5BDBD81-09B3-325F-8C46-DB73A22634F8}
		{A7B8D373-765F-3D82-94D5-E69B9B52AEB4} = {A7B8D373-765F-3D82-94D5-E69B9B52AEB4}
	EndProjectSection
EndProject
Project("{8BC9CEB8-8B4A-11D0-8D11-00A0C91BC942}") = "zlibstatic", "contrib\zlib\zlibstatic.vcxproj", "{A7B8D373-765F-3D82-94D5-E69B9B52AEB4}"
	ProjectSection(ProjectDependencies) = postProject
		{5FC95EC9-CB65-3CE5-8F2E-587DB401640F} = {5FC95EC9-CB65-3CE5-8F2E-587DB401640F}
	EndProjectSection
EndProject
Global
	GlobalSection(SolutionConfigurationPlatforms) = preSolution
		Debug|x64 = Debug|x64
		Release|x64 = Release|x64
		MinSizeRel|x64 = MinSizeRel|x64
		RelWithDebInfo|x64 = RelWithDebInfo|x64
	EndGlobalSection
	GlobalSection(ProjectConfigurationPlatforms) = postSolution
		{F21ECF81-4FED-3877-A23C-2133A777328F}.Debug|x64.ActiveCfg = Debug|x64
		{F21ECF81-4FED-3877-A23C-2133A777328F}.Debug|x64.Build.0 = Debug|x64
		{F21ECF81-4FED-3877-A23C-2133A777328F}.Release|x64.ActiveCfg = Release|x64
		{F21ECF81-4FED-3877-A23C-2133A777328F}.Release|x64.Build.0 = Release|x64
		{F21ECF81-4FED-3877-A23C-2133A777328F}.MinSizeRel|x64.ActiveCfg = MinSizeRel|x64
		{F21ECF81-4FED-3877-A23C-2133A777328F}.MinSizeRel|x64.Build.0 = MinSizeRel|x64
		{F21ECF81-4FED-3877-A23C-2133A777328F}.RelWithDebInfo|x64.ActiveCfg = RelWithDebInfo|x64
		{F21ECF81-4FED-3877-A23C-2133A777328F}.RelWithDebInfo|x64.Build.0 = RelWithDebInfo|x64
		{D95D11F3-21B3-3AB0-986F-AF27C3DD0A68}.Debug|x64.ActiveCfg = Debug|x64
		{D95D11F3-21B3-3AB0-986F-AF27C3DD0A68}.Release|x64.ActiveCfg = Release|x64
		{D95D11F3-21B3-3AB0-986F-AF27C3DD0A68}.MinSizeRel|x64.ActiveCfg = MinSizeRel|x64
		{D95D11F3-21B3-3AB0-986F-AF27C3DD0A68}.RelWithDebInfo|x64.ActiveCfg = RelWithDebInfo|x64
		{A8C6FDAC-D882-3C62-AD68-05E59ED8009F}.Debug|x64.ActiveCfg = Debug|x64
		{A8C6FDAC-D882-3C62-AD68-05E59ED8009F}.Release|x64.ActiveCfg = Release|x64
		{A8C6FDAC-D882-3C62-AD68-05E59ED8009F}.MinSizeRel|x64.ActiveCfg = MinSizeRel|x64
		{A8C6FDAC-D882-3C62-AD68-05E59ED8009F}.RelWithDebInfo|x64.ActiveCfg = RelWithDebInfo|x64
		{0A2B3CB4-F864-3F37-86B5-1E256B0BF8D0}.Debug|x64.ActiveCfg = Debug|x64
		{0A2B3CB4-F864-3F37-86B5-1E256B0BF8D0}.Release|x64.ActiveCfg = Release|x64
		{0A2B3CB4-F864-3F37-86B5-1E256B0BF8D0}.MinSizeRel|x64.ActiveCfg = MinSizeRel|x64
		{0A2B3CB4-F864-3F37-86B5-1E256B0BF8D0}.RelWithDebInfo|x64.ActiveCfg = RelWithDebInfo|x64
		{9535FA50-2209-381D-87B7-EFCBBAAB3328}.Debug|x64.ActiveCfg = Debug|x64
		{9535FA50-2209-381D-87B7-EFCBBAAB3328}.Debug|x64.Build.0 = Debug|x64
		{9535FA50-2209-381D-87B7-EFCBBAAB3328}.Release|x64.ActiveCfg = Release|x64
		{9535FA50-2209-381D-87B7-EFCBBAAB3328}.Release|x64.Build.0 = Release|x64
		{9535FA50-2209-381D-87B7-EFCBBAAB3328}.MinSizeRel|x64.ActiveCfg = MinSizeRel|x64
		{9535FA50-2209-381D-87B7-EFCBBAAB3328}.MinSizeRel|x64.Build.0 = MinSizeRel|x64
		{9535FA50-2209-381D-87B7-EFCBBAAB3328}.RelWithDebInfo|x64.ActiveCfg = RelWithDebInfo|x64
		{9535FA50-2209-381D-87B7-EFCBBAAB3328}.RelWithDebInfo|x64.Build.0 = RelWithDebInfo|x64
		{65A3D1C6-E6DE-36C4-BEFE-B73C9F9A2853}.Debug|x64.ActiveCfg = Debug|x64
		{65A3D1C6-E6DE-36C4-BEFE-B73C9F9A2853}.Release|x64.ActiveCfg = Release|x64
		{65A3D1C6-E6DE-36C4-BEFE-B73C9F9A2853}.MinSizeRel|x64.ActiveCfg = MinSizeRel|x64
		{65A3D1C6-E6DE-36C4-BEFE-B73C9F9A2853}.RelWithDebInfo|x64.ActiveCfg = RelWithDebInfo|x64
		{6ED4B999-6670-3AC7-BCF5-F68D87D21950}.Debug|x64.ActiveCfg = Debug|x64
		{6ED4B999-6670-3AC7-BCF5-F68D87D21950}.Release|x64.ActiveCfg = Release|x64
		{6ED4B999-6670-3AC7-BCF5-F68D87D21950}.MinSizeRel|x64.ActiveCfg = MinSizeRel|x64
		{6ED4B999-6670-3AC7-BCF5-F68D87D21950}.RelWithDebInfo|x64.ActiveCfg = RelWithDebInfo|x64
		{0A17284D-1142-3902-86E3-7CFFC41C809A}.Debug|x64.ActiveCfg = Debug|x64
		{0A17284D-1142-3902-86E3-7CFFC41C809A}.Release|x64.ActiveCfg = Release|x64
		{0A17284D-1142-3902-86E3-7CFFC41C809A}.MinSizeRel|x64.ActiveCfg = MinSizeRel|x64
		{0A17284D-1142-3902-86E3-7CFFC41C809A}.RelWithDebInfo|x64.ActiveCfg = RelWithDebInfo|x64
		{5FC95EC9-CB65-3CE5-8F2E-587DB401640F}.Debug|x64.ActiveCfg = Debug|x64
		{5FC95EC9-CB65-3CE5-8F2E-587DB401640F}.Debug|x64.Build.0 = Debug|x64
		{5FC95EC9-CB65-3CE5-8F2E-587DB401640F}.Release|x64.ActiveCfg = Release|x64
		{5FC95EC9-CB65-3CE5-8F2E-587DB401640F}.Release|x64.Build.0 = Release|x64
		{5FC95EC9-CB65-3CE5-8F2E-587DB401640F}.MinSizeRel|x64.ActiveCfg = MinSizeRel|x64
		{5FC95EC9-CB65-3CE5-8F2E-587DB401640F}.MinSizeRel|x64.Build.0 = MinSizeRel|x64
		{5FC95EC9-CB65-3CE5-8F2E-587DB401640F}.RelWithDebInfo|x64.ActiveCfg = RelWithDebInfo|x64
		{5FC95EC9-CB65-3CE5-8F2E-587DB401640F}.RelWithDebInfo|x64.Build.0 = RelWithDebInfo|x64
		{A5BDBD81-09B3-325F-8C46-DB73A22634F8}.Debug|x64.ActiveCfg = Debug|x64
		{A5BDBD81-09B3-325F-8C46-DB73A22634F8}.Debug|x64.Build.0 = Debug|x64
		{A5BDBD81-09B3-325F-8C46-DB73A22634F8}.Release|x64.ActiveCfg = Release|x64
		{A5BDBD81-09B3-325F-8C46-DB73A22634F8}.Release|x64.Build.0 = Release|x64
		{A5BDBD81-09B3-325F-8C46-DB73A22634F8}.MinSizeRel|x64.ActiveCfg = MinSizeRel|x64
		{A5BDBD81-09B3-325F-8C46-DB73A22634F8}.MinSizeRel|x64.Build.0 = MinSizeRel|x64
		{A5BDBD81-09B3-325F-8C46-DB73A22634F8}.RelWithDebInfo|x64.ActiveCfg = RelWithDebInfo|x64
		{A5BDBD81-09B3-325F-8C46-DB73A22634F8}.RelWithDebInfo|x64.Build.0 = RelWithDebInfo|x64
		{960D0F96-105B-3FF5-AF62-489D59622E04}.Debug|x64.ActiveCfg = Debug|x64
		{960D0F96-105B-3FF5-AF62-489D59622E04}.Debug|x64.Build.0 = Debug|x64
		{960D0F96-105B-3FF5-AF62-489D59622E04}.Release|x64.ActiveCfg = Release|x64
		{960D0F96-105B-3FF5-AF62-489D59622E04}.Release|x64.Build.0 = Release|x64
		{960D0F96-105B-3FF5-AF62-489D59622E04}.MinSizeRel|x64.ActiveCfg = MinSizeRel|x64
		{960D0F96-105B-3FF5-AF62-489D59622E04}.MinSizeRel|x64.Build.0 = MinSizeRel|x64
		{960D0F96-105B-3FF5-AF62-489D59622E04}.RelWithDebInfo|x64.ActiveCfg = RelWithDebInfo|x64
		{960D0F96-105B-3FF5-AF62-489D59622E04}.RelWithDebInfo|x64.Build.0 = RelWithDebInfo|x64
		{D9245B5D-BD25-3100-B6C7-4E32754B6481}.Debug|x64.ActiveCfg = Debug|x64
		{D9245B5D-BD25-3100-B6C7-4E32754B6481}.Debug|x64.Build.0 = Debug|x64
		{D9245B5D-BD25-3100-B6C7-4E32754B6481}.Release|x64.ActiveCfg = Release|x64
		{D9245B5D-BD25-3100-B6C7-4E32754B6481}.Release|x64.Build.0 = Release|x64
		{D9245B5D-BD25-3100-B6C7-4E32754B6481}.MinSizeRel|x64.ActiveCfg = MinSizeRel|x64
		{D9245B5D-BD25-3100-B6C7-4E32754B6481}.MinSizeRel|x64.Build.0 = MinSizeRel|x64
		{D9245B5D-BD25-3100-B6C7-4E32754B6481}.RelWithDebInfo|x64.ActiveCfg = RelWithDebInfo|x64
		{D9245B5D-BD25-3100-B6C7-4E32754B6481}.RelWithDebInfo|x64.Build.0 = RelWithDebInfo|x64
		{60D44097-9A80-375A-934B-2B1FD025CBF8}.Debug|x64.ActiveCfg = Debug|x64
		{60D44097-9A80-375A-934B-2B1FD025CBF8}.Release|x64.ActiveCfg = Release|x64
		{60D44097-9A80-375A-934B-2B1FD025CBF8}.MinSizeRel|x64.ActiveCfg = MinSizeRel|x64
		{60D44097-9A80-375A-934B-2B1FD025CBF8}.RelWithDebInfo|x64.ActiveCfg = RelWithDebInfo|x64
		{A6F97FDF-0B37-396A-A92B-C2E8A9E69883}.Debug|x64.ActiveCfg = Debug|x64
		{A6F97FDF-0B37-396A-A92B-C2E8A9E69883}.Debug|x64.Build.0 = Debug|x64
		{A6F97FDF-0B37-396A-A92B-C2E8A9E69883}.Release|x64.ActiveCfg = Release|x64
		{A6F97FDF-0B37-396A-A92B-C2E8A9E69883}.Release|x64.Build.0 = Release|x64
		{A6F97FDF-0B37-396A-A92B-C2E8A9E69883}.MinSizeRel|x64.ActiveCfg = MinSizeRel|x64
		{A6F97FDF-0B37-396A-A92B-C2E8A9E69883}.MinSizeRel|x64.Build.0 = MinSizeRel|x64
		{A6F97FDF-0B37-396A-A92B-C2E8A9E69883}.RelWithDebInfo|x64.ActiveCfg = RelWithDebInfo|x64
		{A6F97FDF-0B37-396A-A92B-C2E8A9E69883}.RelWithDebInfo|x64.Build.0 = RelWithDebInfo|x64
		{A7B8D373-765F-3D82-94D5-E69B9B52AEB4}.Debug|x64.ActiveCfg = Debug|x64
		{A7B8D373-765F-3D82-94D5-E69B9B52AEB4}.Debug|x64.Build.0 = Debug|x64
		{A7B8D373-765F-3D82-94D5-E69B9B52AEB4}.Release|x64.ActiveCfg = Release|x64
		{A7B8D373-765F-3D82-94D5-E69B9B52AEB4}.Release|x64.Build.0 = Release|x64
		{A7B8D373-765F-3D82-94D5-E69B9B52AEB4}.MinSizeRel|x64.ActiveCfg = MinSizeRel|x64
		{A7B8D373-765F-3D82-94D5-E69B9B52AEB4}.MinSizeRel|x64.Build.0 = MinSizeRel|x64
		{A7B8D373-765F-3D82-94D5-E69B9B52AEB4}.RelWithDebInfo|x64.ActiveCfg = RelWithDebInfo|x64
		{A7B8D373-765F-3D82-94D5-E69B9B52AEB4}.RelWithDebInfo|x64.Build.0 = RelWithDebInfo|x64
	EndGlobalSection
	GlobalSection(ExtensibilityGlobals) = postSolution
	EndGlobalSection
	GlobalSection(ExtensibilityAddIns) = postSolution
	EndGlobalSection
EndGlobal
